
Microsoft Visual Studio Solution File, Format Version 12.00
# Visual Studio Version 17
VisualStudioVersion = 17.11.35222.181
MinimumVisualStudioVersion = 10.0.40219.1
Project("{2150E333-8FDC-42A3-9474-1A3956D46DE8}") = "src", "src", "{786C0AFB-F311-4367-AC9E-2599480EF993}"
EndProject
Project("{2150E333-8FDC-42A3-9474-1A3956D46DE8}") = "tests", "tests", "{E3E5287A-1069-4C4B-B00A-659D044E3EBA}"
EndProject
Project("{2150E333-8FDC-42A3-9474-1A3956D46DE8}") = "Core", "Core", "{0E96C1A4-175E-4727-9738-34F44B335F3D}"
EndProject
Project("{2150E333-8FDC-42A3-9474-1A3956D46DE8}") = "Infrastructure", "Infrastructure", "{700F5224-18C7-4D07-975B-CB00EFEFDD62}"
EndProject
Project("{2150E333-8FDC-42A3-9474-1A3956D46DE8}") = "Presentation", "Presentation", "{62A12930-B0CB-4843-982D-82C93BF99B84}"
EndProject
Project("{9A19103F-16F7-4668-BE54-9A1E7A4F7556}") = "Application", "Application\Application.csproj", "{F71F6E6C-FEA7-440E-BBF3-D97E95B2E315}"
EndProject
Project("{9A19103F-16F7-4668-BE54-9A1E7A4F7556}") = "Domain", "Domain\Domain.csproj", "{56628D39-7244-4127-8339-6618EA94F20C}"
EndProject
Project("{9A19103F-16F7-4668-BE54-9A1E7A4F7556}") = "Persistence", "Infrastructure\Persistence.csproj", "{A1EF2D65-4D3E-45B9-B66E-5F07ACF73AB3}"
EndProject
Project("{9A19103F-16F7-4668-BE54-9A1E7A4F7556}") = "Presentation.WebUI", "Presentation.WebUI\Presentation.WebUI.csproj", "{8D2C1173-2CF8-45D1-87A5-CC31AB9FAF43}"
EndProject
Global
	GlobalSection(SolutionConfigurationPlatforms) = preSolution
		Debug|Any CPU = Debug|Any CPU
		Release|Any CPU = Release|Any CPU
	EndGlobalSection
	GlobalSection(ProjectConfigurationPlatforms) = postSolution
		{F71F6E6C-FEA7-440E-BBF3-D97E95B2E315}.Debug|Any CPU.ActiveCfg = Debug|Any CPU
		{F71F6E6C-FEA7-440E-BBF3-D97E95B2E315}.Debug|Any CPU.Build.0 = Debug|Any CPU
		{F71F6E6C-FEA7-440E-BBF3-D97E95B2E315}.Release|Any CPU.ActiveCfg = Release|Any CPU
		{F71F6E6C-FEA7-440E-BBF3-D97E95B2E315}.Release|Any CPU.Build.0 = Release|Any CPU
		{56628D39-7244-4127-8339-6618EA94F20C}.Debug|Any CPU.ActiveCfg = Debug|Any CPU
		{56628D39-7244-4127-8339-6618EA94F20C}.Debug|Any CPU.Build.0 = Debug|Any CPU
		{56628D39-7244-4127-8339-6618EA94F20C}.Release|Any CPU.ActiveCfg = Release|Any CPU
		{56628D39-7244-4127-8339-6618EA94F20C}.Release|Any CPU.Build.0 = Release|Any CPU
		{A1EF2D65-4D3E-45B9-B66E-5F07ACF73AB3}.Debug|Any CPU.ActiveCfg = Debug|Any CPU
		{A1EF2D65-4D3E-45B9-B66E-5F07ACF73AB3}.Debug|Any CPU.Build.0 = Debug|Any CPU
		{A1EF2D65-4D3E-45B9-B66E-5F07ACF73AB3}.Release|Any CPU.ActiveCfg = Release|Any CPU
		{A1EF2D65-4D3E-45B9-B66E-5F07ACF73AB3}.Release|Any CPU.Build.0 = Release|Any CPU
		{8D2C1173-2CF8-45D1-87A5-CC31AB9FAF43}.Debug|Any CPU.ActiveCfg = Debug|Any CPU
		{8D2C1173-2CF8-45D1-87A5-CC31AB9FAF43}.Debug|Any CPU.Build.0 = Debug|Any CPU
		{8D2C1173-2CF8-45D1-87A5-CC31AB9FAF43}.Release|Any CPU.ActiveCfg = Release|Any CPU
		{8D2C1173-2CF8-45D1-87A5-CC31AB9FAF43}.Release|Any CPU.Build.0 = Release|Any CPU
	EndGlobalSection
	GlobalSection(SolutionProperties) = preSolution
		HideSolutionNode = FALSE
	EndGlobalSection
	GlobalSection(NestedProjects) = preSolution
		{0E96C1A4-175E-4727-9738-34F44B335F3D} = {786C0AFB-F311-4367-AC9E-2599480EF993}
		{700F5224-18C7-4D07-975B-CB00EFEFDD62} = {786C0AFB-F311-4367-AC9E-2599480EF993}
		{62A12930-B0CB-4843-982D-82C93BF99B84} = {786C0AFB-F311-4367-AC9E-2599480EF993}
		{F71F6E6C-FEA7-440E-BBF3-D97E95B2E315} = {0E96C1A4-175E-4727-9738-34F44B335F3D}
		{56628D39-7244-4127-8339-6618EA94F20C} = {0E96C1A4-175E-4727-9738-34F44B335F3D}
		{A1EF2D65-4D3E-45B9-B66E-5F07ACF73AB3} = {700F5224-18C7-4D07-975B-CB00EFEFDD62}
		{8D2C1173-2CF8-45D1-87A5-CC31AB9FAF43} = {62A12930-B0CB-4843-982D-82C93BF99B84}
	EndGlobalSection
	GlobalSection(ExtensibilityGlobals) = postSolution
		SolutionGuid = {2BFCBC3C-13B3-4FF1-A03E-7EEF98404085}
	EndGlobalSection
EndGlobal
